
Microsoft Visual Studio Solution File, Format Version 12.00
# Visual Studio Version 16
VisualStudioVersion = 16.0.29709.97
MinimumVisualStudioVersion = 10.0.40219.1
Project("{8BC9CEB8-8B4A-11D0-8D11-00A0C91BC942}") = "ecdsa", "ecdsa.vcxproj", "{0132EF56-9CDA-4738-A28A-A2B67EF5241C}"
EndProject
Global
	GlobalSection(SolutionConfigurationPlatforms) = preSolution
		Debug|x64 = Debug|x64
		Debug|x86 = Debug|x86
		Release|x64 = Release|x64
		Release|x86 = Release|x86
	EndGlobalSection
	GlobalSection(ProjectConfigurationPlatforms) = postSolution
		{0132EF56-9CDA-4738-A28A-A2B67EF5241C}.Debug|x64.ActiveCfg = Debug|x64
		{0132EF56-9CDA-4738-A28A-A2B67EF5241C}.Debug|x64.Build.0 = Debug|x64
		{0132EF56-9CDA-4738-A28A-A2B67EF5241C}.Debug|x86.ActiveCfg = Debug|Win32
		{0132EF56-9CDA-4738-A28A-A2B67EF5241C}.Debug|x86.Build.0 = Debug|Win32
		{0132EF56-9CDA-4738-A28A-A2B67EF5241C}.Release|x64.ActiveCfg = Release|x64
		{0132EF56-9CDA-4738-A28A-A2B67EF5241C}.Release|x64.Build.0 = Release|x64
		{0132EF56-9CDA-4738-A28A-A2B67EF5241C}.Release|x86.ActiveCfg = Release|Win32
		{0132EF56-9CDA-4738-A28A-A2B67EF5241C}.Release|x86.Build.0 = Release|Win32
	EndGlobalSection
	GlobalSection(SolutionProperties) = preSolution
		HideSolutionNode = FALSE
	EndGlobalSection
	GlobalSection(ExtensibilityGlobals) = postSolution
		SolutionGuid = {01D771FE-5BF2-4F06-89C2-69DBDF6BFAB0}
	EndGlobalSection
EndGlobal
